// !$*UTF8*$!
{
	archiveVersion = 1;
	classes = {
	};
	objectVersion = 56;
	objects = {

/* Begin PBXBuildFile section */
		ABC218A72AAC0B7400DFBFD7 /* AppDelegate.swift in Sources */ = {isa = PBXBuildFile; fileRef = ABC218A62AAC0B7400DFBFD7 /* AppDelegate.swift */; };
		ABC218A92AAC0B7400DFBFD7 /* SceneDelegate.swift in Sources */ = {isa = PBXBuildFile; fileRef = ABC218A82AAC0B7400DFBFD7 /* SceneDelegate.swift */; };
		ABC218AE2AAC0B7400DFBFD7 /* Main.storyboard in Resources */ = {isa = PBXBuildFile; fileRef = ABC218AC2AAC0B7400DFBFD7 /* Main.storyboard */; };
		ABC218B02AAC0B7600DFBFD7 /* Assets.xcassets in Resources */ = {isa = PBXBuildFile; fileRef = ABC218AF2AAC0B7600DFBFD7 /* Assets.xcassets */; };
		ABC218B32AAC0B7600DFBFD7 /* LaunchScreen.storyboard in Resources */ = {isa = PBXBuildFile; fileRef = ABC218B12AAC0B7600DFBFD7 /* LaunchScreen.storyboard */; };
		ABC218C82AAC0D7F00DFBFD7 /* Moya in Frameworks */ = {isa = PBXBuildFile; productRef = ABC218C72AAC0D7F00DFBFD7 /* Moya */; };
		ABC218CA2AAC0D7F00DFBFD7 /* RxMoya in Frameworks */ = {isa = PBXBuildFile; productRef = ABC218C92AAC0D7F00DFBFD7 /* RxMoya */; };
		ABC218CD2AAC0D9D00DFBFD7 /* Kingfisher in Frameworks */ = {isa = PBXBuildFile; productRef = ABC218CC2AAC0D9D00DFBFD7 /* Kingfisher */; };
		ABC218D42AAC103700DFBFD7 /* MoyaNetworkService.swift in Sources */ = {isa = PBXBuildFile; fileRef = ABC218D32AAC103700DFBFD7 /* MoyaNetworkService.swift */; };
		ABC218D62AAC105A00DFBFD7 /* DataModels.swift in Sources */ = {isa = PBXBuildFile; fileRef = ABC218D52AAC105A00DFBFD7 /* DataModels.swift */; };
		ABC218D82AAC17FC00DFBFD7 /* AlbumsViewModel.swift in Sources */ = {isa = PBXBuildFile; fileRef = ABC218D72AAC17FC00DFBFD7 /* AlbumsViewModel.swift */; };
		ABC218DA2AAC186100DFBFD7 /* AlbumsTableViewCell.swift in Sources */ = {isa = PBXBuildFile; fileRef = ABC218D92AAC186100DFBFD7 /* AlbumsTableViewCell.swift */; };
		ABC218DC2AAC1C5E00DFBFD7 /* PhotosViewController.swift in Sources */ = {isa = PBXBuildFile; fileRef = ABC218DB2AAC1C5E00DFBFD7 /* PhotosViewController.swift */; };
		ABC218DE2AAC1CB700DFBFD7 /* photosCollectionViewCell.swift in Sources */ = {isa = PBXBuildFile; fileRef = ABC218DD2AAC1CB700DFBFD7 /* photosCollectionViewCell.swift */; };
		ABC218E02AAC1CF300DFBFD7 /* PhotosViewModel.swift in Sources */ = {isa = PBXBuildFile; fileRef = ABC218DF2AAC1CF300DFBFD7 /* PhotosViewModel.swift */; };
/* End PBXBuildFile section */

/* Begin PBXFileReference section */
		ABC218A32AAC0B7400DFBFD7 /* PhotosApp.app */ = {isa = PBXFileReference; explicitFileType = wrapper.application; includeInIndex = 0; path = PhotosApp.app; sourceTree = BUILT_PRODUCTS_DIR; };
		ABC218A62AAC0B7400DFBFD7 /* AppDelegate.swift */ = {isa = PBXFileReference; lastKnownFileType = sourcecode.swift; path = AppDelegate.swift; sourceTree = "<group>"; };
		ABC218A82AAC0B7400DFBFD7 /* SceneDelegate.swift */ = {isa = PBXFileReference; lastKnownFileType = sourcecode.swift; path = SceneDelegate.swift; sourceTree = "<group>"; };
		ABC218AD2AAC0B7400DFBFD7 /* Base */ = {isa = PBXFileReference; lastKnownFileType = file.storyboard; name = Base; path = Base.lproj/Main.storyboard; sourceTree = "<group>"; };
		ABC218AF2AAC0B7600DFBFD7 /* Assets.xcassets */ = {isa = PBXFileReference; lastKnownFileType = folder.assetcatalog; path = Assets.xcassets; sourceTree = "<group>"; };
		ABC218B22AAC0B7600DFBFD7 /* Base */ = {isa = PBXFileReference; lastKnownFileType = file.storyboard; name = Base; path = Base.lproj/LaunchScreen.storyboard; sourceTree = "<group>"; };
		ABC218B42AAC0B7600DFBFD7 /* Info.plist */ = {isa = PBXFileReference; lastKnownFileType = text.plist.xml; path = Info.plist; sourceTree = "<group>"; };
		ABC218D32AAC103700DFBFD7 /* MoyaNetworkService.swift */ = {isa = PBXFileReference; lastKnownFileType = sourcecode.swift; path = MoyaNetworkService.swift; sourceTree = "<group>"; };
		ABC218D52AAC105A00DFBFD7 /* DataModels.swift */ = {isa = PBXFileReference; lastKnownFileType = sourcecode.swift; path = DataModels.swift; sourceTree = "<group>"; };
		ABC218D72AAC17FC00DFBFD7 /* AlbumsViewModel.swift */ = {isa = PBXFileReference; lastKnownFileType = sourcecode.swift; name = AlbumsViewModel.swift; path = PhotosApp/AlbumsViewModel.swift; sourceTree = SOURCE_ROOT; };
		ABC218D92AAC186100DFBFD7 /* AlbumsTableViewCell.swift */ = {isa = PBXFileReference; lastKnownFileType = sourcecode.swift; path = AlbumsTableViewCell.swift; sourceTree = "<group>"; };
		ABC218DB2AAC1C5E00DFBFD7 /* PhotosViewController.swift */ = {isa = PBXFileReference; lastKnownFileType = sourcecode.swift; name = PhotosViewController.swift; path = PhotosApp/Modules/AlbumsModule/View/PhotosViewController.swift; sourceTree = SOURCE_ROOT; };
		ABC218DD2AAC1CB700DFBFD7 /* photosCollectionViewCell.swift */ = {isa = PBXFileReference; lastKnownFileType = sourcecode.swift; name = photosCollectionViewCell.swift; path = PhotosApp/Modules/AlbumsModule/View/photosCollectionViewCell.swift; sourceTree = SOURCE_ROOT; };
		ABC218DF2AAC1CF300DFBFD7 /* PhotosViewModel.swift */ = {isa = PBXFileReference; lastKnownFileType = sourcecode.swift; name = PhotosViewModel.swift; path = PhotosApp/Modules/AlbumsModule/View/PhotosViewModel.swift; sourceTree = SOURCE_ROOT; };
/* End PBXFileReference section */

/* Begin PBXFrameworksBuildPhase section */
		ABC218A02AAC0B7400DFBFD7 /* Frameworks */ = {
			isa = PBXFrameworksBuildPhase;
			buildActionMask = 2147483647;
			files = (
				ABC218CD2AAC0D9D00DFBFD7 /* Kingfisher in Frameworks */,
				ABC218CA2AAC0D7F00DFBFD7 /* RxMoya in Frameworks */,
				ABC218C82AAC0D7F00DFBFD7 /* Moya in Frameworks */,
			);
			runOnlyForDeploymentPostprocessing = 0;
		};
/* End PBXFrameworksBuildPhase section */

/* Begin PBXGroup section */
		ABC2189A2AAC0B7400DFBFD7 = {
			isa = PBXGroup;
			children = (
				ABC218A52AAC0B7400DFBFD7 /* PhotosApp */,
				ABC218A42AAC0B7400DFBFD7 /* Products */,
			);
			sourceTree = "<group>";
		};
		ABC218A42AAC0B7400DFBFD7 /* Products */ = {
			isa = PBXGroup;
			children = (
				ABC218A32AAC0B7400DFBFD7 /* PhotosApp.app */,
			);
			name = Products;
			sourceTree = "<group>";
		};
		ABC218A52AAC0B7400DFBFD7 /* PhotosApp */ = {
			isa = PBXGroup;
			children = (
				ABC218D22AAC102900DFBFD7 /* Models */,
				ABC218BD2AAC0BFA00DFBFD7 /* View */,
				ABC218BC2AAC0BDC00DFBFD7 /* Modules */,
				ABC218BA2AAC0BA000DFBFD7 /* Utilities */,
				ABC218B42AAC0B7600DFBFD7 /* Info.plist */,
			);
			path = PhotosApp;
			sourceTree = "<group>";
		};
		ABC218BA2AAC0BA000DFBFD7 /* Utilities */ = {
			isa = PBXGroup;
			children = (
				ABC218A62AAC0B7400DFBFD7 /* AppDelegate.swift */,
				ABC218A82AAC0B7400DFBFD7 /* SceneDelegate.swift */,
				ABC218AF2AAC0B7600DFBFD7 /* Assets.xcassets */,
			);
			path = Utilities;
			sourceTree = "<group>";
		};
		ABC218BC2AAC0BDC00DFBFD7 /* Modules */ = {
			isa = PBXGroup;
			children = (
				ABC218C22AAC0CB000DFBFD7 /* PhotosModule */,
				ABC218C12AAC0C6800DFBFD7 /* AlbumsModule */,
			);
			path = Modules;
			sourceTree = "<group>";
		};
		ABC218BD2AAC0BFA00DFBFD7 /* View */ = {
			isa = PBXGroup;
			children = (
				ABC218AC2AAC0B7400DFBFD7 /* Main.storyboard */,
				ABC218B12AAC0B7600DFBFD7 /* LaunchScreen.storyboard */,
			);
			path = View;
			sourceTree = "<group>";
		};
		ABC218BE2AAC0C4300DFBFD7 /* Model */ = {
			isa = PBXGroup;
			children = (
			);
			path = Model;
			sourceTree = "<group>";
		};
		ABC218BF2AAC0C5300DFBFD7 /* View */ = {
			isa = PBXGroup;
			children = (
				ABC218AA2AAC0B7400DFBFD7 /* ViewController.swift */,
				ABC218D92AAC186100DFBFD7 /* AlbumsTableViewCell.swift */,
			);
			path = View;
			sourceTree = "<group>";
		};
		ABC218C02AAC0C5A00DFBFD7 /* ViewModel */ = {
			isa = PBXGroup;
			children = (
				ABC218D72AAC17FC00DFBFD7 /* AlbumsViewModel.swift */,
			);
			path = ViewModel;
			sourceTree = "<group>";
		};
		ABC218C12AAC0C6800DFBFD7 /* AlbumsModule */ = {
			isa = PBXGroup;
			children = (
				ABC218BE2AAC0C4300DFBFD7 /* Model */,
				ABC218BF2AAC0C5300DFBFD7 /* View */,
				ABC218C02AAC0C5A00DFBFD7 /* ViewModel */,
			);
			path = AlbumsModule;
			sourceTree = "<group>";
		};
		ABC218C22AAC0CB000DFBFD7 /* PhotosModule */ = {
			isa = PBXGroup;
			children = (
				ABC218C52AAC0CD400DFBFD7 /* Model */,
				ABC218C42AAC0CCF00DFBFD7 /* View */,
				ABC218C32AAC0CC200DFBFD7 /* ViewModel */,
			);
			path = PhotosModule;
			sourceTree = "<group>";
		};
		ABC218C32AAC0CC200DFBFD7 /* ViewModel */ = {
			isa = PBXGroup;
			children = (
				ABC218DF2AAC1CF300DFBFD7 /* PhotosViewModel.swift */,
			);
			path = ViewModel;
			sourceTree = "<group>";
		};
		ABC218C42AAC0CCF00DFBFD7 /* View */ = {
			isa = PBXGroup;
			children = (
				ABC218DB2AAC1C5E00DFBFD7 /* PhotosViewController.swift */,
				ABC218DD2AAC1CB700DFBFD7 /* photosCollectionViewCell.swift */,
			);
			path = View;
			sourceTree = "<group>";
		};
		ABC218C52AAC0CD400DFBFD7 /* Model */ = {
			isa = PBXGroup;
			children = (
			);
			path = Model;
			sourceTree = "<group>";
		};
		ABC218D22AAC102900DFBFD7 /* Models */ = {
			isa = PBXGroup;
			children = (
				ABC218D32AAC103700DFBFD7 /* MoyaNetworkService.swift */,
				ABC218D52AAC105A00DFBFD7 /* DataModels.swift */,
			);
			path = Models;
			sourceTree = "<group>";
		};
/* End PBXGroup section */

/* Begin PBXNativeTarget section */
		ABC218A22AAC0B7400DFBFD7 /* PhotosApp */ = {
			isa = PBXNativeTarget;
			buildConfigurationList = ABC218B72AAC0B7600DFBFD7 /* Build configuration list for PBXNativeTarget "PhotosApp" */;
			buildPhases = (
				ABC2189F2AAC0B7400DFBFD7 /* Sources */,
				ABC218A02AAC0B7400DFBFD7 /* Frameworks */,
				ABC218A12AAC0B7400DFBFD7 /* Resources */,
			);
			buildRules = (
			);
			dependencies = (
			);
			name = PhotosApp;
			packageProductDependencies = (
				ABC218C72AAC0D7F00DFBFD7 /* Moya */,
				ABC218C92AAC0D7F00DFBFD7 /* RxMoya */,
				ABC218CC2AAC0D9D00DFBFD7 /* Kingfisher */,
			);
			productName = PhotosApp;
			productReference = ABC218A32AAC0B7400DFBFD7 /* PhotosApp.app */;
			productType = "com.apple.product-type.application";
		};
/* End PBXNativeTarget section */

/* Begin PBXProject section */
		ABC2189B2AAC0B7400DFBFD7 /* Project object */ = {
			isa = PBXProject;
			attributes = {
				BuildIndependentTargetsInParallel = 1;
				LastSwiftUpdateCheck = 1420;
				LastUpgradeCheck = 1420;
				TargetAttributes = {
					ABC218A22AAC0B7400DFBFD7 = {
						CreatedOnToolsVersion = 14.2;
					};
				};
			};
			buildConfigurationList = ABC2189E2AAC0B7400DFBFD7 /* Build configuration list for PBXProject "PhotosApp" */;
			compatibilityVersion = "Xcode 14.0";
			developmentRegion = en;
			hasScannedForEncodings = 0;
			knownRegions = (
				en,
				Base,
			);
			mainGroup = ABC2189A2AAC0B7400DFBFD7;
			packageReferences = (
				ABC218C62AAC0D7F00DFBFD7 /* XCRemoteSwiftPackageReference "Moya" */,
				ABC218CB2AAC0D9D00DFBFD7 /* XCRemoteSwiftPackageReference "Kingfisher" */,
			);
			productRefGroup = ABC218A42AAC0B7400DFBFD7 /* Products */;
			projectDirPath = "";
			projectRoot = "";
			targets = (
				ABC218A22AAC0B7400DFBFD7 /* PhotosApp */,
			);
		};
/* End PBXProject section */

/* Begin PBXResourcesBuildPhase section */
		ABC218A12AAC0B7400DFBFD7 /* Resources */ = {
			isa = PBXResourcesBuildPhase;
			buildActionMask = 2147483647;
			files = (
				ABC218B32AAC0B7600DFBFD7 /* LaunchScreen.storyboard in Resources */,
				ABC218B02AAC0B7600DFBFD7 /* Assets.xcassets in Resources */,
				ABC218AE2AAC0B7400DFBFD7 /* Main.storyboard in Resources */,
			);
			runOnlyForDeploymentPostprocessing = 0;
		};
/* End PBXResourcesBuildPhase section */

/* Begin PBXSourcesBuildPhase section */
		ABC2189F2AAC0B7400DFBFD7 /* Sources */ = {
			isa = PBXSourcesBuildPhase;
			buildActionMask = 2147483647;
			files = (
				ABC218D42AAC103700DFBFD7 /* MoyaNetworkService.swift in Sources */,
				ABC218D82AAC17FC00DFBFD7 /* AlbumsViewModel.swift in Sources */,
				ABC218AB2AAC0B7400DFBFD7 /* ViewController.swift in Sources */,
				ABC218D62AAC105A00DFBFD7 /* DataModels.swift in Sources */,
				ABC218DC2AAC1C5E00DFBFD7 /* PhotosViewController.swift in Sources */,
				ABC218DE2AAC1CB700DFBFD7 /* photosCollectionViewCell.swift in Sources */,
				ABC218E02AAC1CF300DFBFD7 /* PhotosViewModel.swift in Sources */,
				ABC218A72AAC0B7400DFBFD7 /* AppDelegate.swift in Sources */,
				ABC218DA2AAC186100DFBFD7 /* AlbumsTableViewCell.swift in Sources */,
				ABC218A92AAC0B7400DFBFD7 /* SceneDelegate.swift in Sources */,
			);
			runOnlyForDeploymentPostprocessing = 0;
		};
/* End PBXSourcesBuildPhase section */

/* Begin PBXVariantGroup section */
		ABC218AC2AAC0B7400DFBFD7 /* Main.storyboard */ = {
			isa = PBXVariantGroup;
			children = (
				ABC218AD2AAC0B7400DFBFD7 /* Base */,
			);
			name = Main.storyboard;
			sourceTree = "<group>";
		};
		ABC218B12AAC0B7600DFBFD7 /* LaunchScreen.storyboard */ = {
			isa = PBXVariantGroup;
			children = (
				ABC218B22AAC0B7600DFBFD7 /* Base */,
			);
			name = LaunchScreen.storyboard;
			sourceTree = "<group>";
		};
/* End PBXVariantGroup section */

/* Begin XCBuildConfiguration section */
		ABC218B52AAC0B7600DFBFD7 /* Debug */ = {
			isa = XCBuildConfiguration;
			buildSettings = {
				ALWAYS_SEARCH_USER_PATHS = NO;
				CLANG_ANALYZER_NONNULL = YES;
				CLANG_ANALYZER_NUMBER_OBJECT_CONVERSION = YES_AGGRESSIVE;
				CLANG_CXX_LANGUAGE_STANDARD = "gnu++20";
				CLANG_ENABLE_MODULES = YES;
				CLANG_ENABLE_OBJC_ARC = YES;
				CLANG_ENABLE_OBJC_WEAK = YES;
				CLANG_WARN_BLOCK_CAPTURE_AUTORELEASING = YES;
				CLANG_WARN_BOOL_CONVERSION = YES;
				CLANG_WARN_COMMA = YES;
				CLANG_WARN_CONSTANT_CONVERSION = YES;
				CLANG_WARN_DEPRECATED_OBJC_IMPLEMENTATIONS = YES;
				CLANG_WARN_DIRECT_OBJC_ISA_USAGE = YES_ERROR;
				CLANG_WARN_DOCUMENTATION_COMMENTS = YES;
				CLANG_WARN_EMPTY_BODY = YES;
				CLANG_WARN_ENUM_CONVERSION = YES;
				CLANG_WARN_INFINITE_RECURSION = YES;
				CLANG_WARN_INT_CONVERSION = YES;
				CLANG_WARN_NON_LITERAL_NULL_CONVERSION = YES;
				CLANG_WARN_OBJC_IMPLICIT_RETAIN_SELF = YES;
				CLANG_WARN_OBJC_LITERAL_CONVERSION = YES;
				CLANG_WARN_OBJC_ROOT_CLASS = YES_ERROR;
				CLANG_WARN_QUOTED_INCLUDE_IN_FRAMEWORK_HEADER = YES;
				CLANG_WARN_RANGE_LOOP_ANALYSIS = YES;
				CLANG_WARN_STRICT_PROTOTYPES = YES;
				CLANG_WARN_SUSPICIOUS_MOVE = YES;
				CLANG_WARN_UNGUARDED_AVAILABILITY = YES_AGGRESSIVE;
				CLANG_WARN_UNREACHABLE_CODE = YES;
				CLANG_WARN__DUPLICATE_METHOD_MATCH = YES;
				COPY_PHASE_STRIP = NO;
				DEBUG_INFORMATION_FORMAT = dwarf;
				ENABLE_STRICT_OBJC_MSGSEND = YES;
				ENABLE_TESTABILITY = YES;
				GCC_C_LANGUAGE_STANDARD = gnu11;
				GCC_DYNAMIC_NO_PIC = NO;
				GCC_NO_COMMON_BLOCKS = YES;
				GCC_OPTIMIZATION_LEVEL = 0;
				GCC_PREPROCESSOR_DEFINITIONS = (
					"DEBUG=1",
					"$(inherited)",
				);
				GCC_WARN_64_TO_32_BIT_CONVERSION = YES;
				GCC_WARN_ABOUT_RETURN_TYPE = YES_ERROR;
				GCC_WARN_UNDECLARED_SELECTOR = YES;
				GCC_WARN_UNINITIALIZED_AUTOS = YES_AGGRESSIVE;
				GCC_WARN_UNUSED_FUNCTION = YES;
				GCC_WARN_UNUSED_VARIABLE = YES;
				IPHONEOS_DEPLOYMENT_TARGET = 16.2;
				MTL_ENABLE_DEBUG_INFO = INCLUDE_SOURCE;
				MTL_FAST_MATH = YES;
				ONLY_ACTIVE_ARCH = YES;
				SDKROOT = iphoneos;
				SWIFT_ACTIVE_COMPILATION_CONDITIONS = DEBUG;
				SWIFT_OPTIMIZATION_LEVEL = "-Onone";
			};
			name = Debug;
		};
		ABC218B62AAC0B7600DFBFD7 /* Release */ = {
			isa = XCBuildConfiguration;
			buildSettings = {
				ALWAYS_SEARCH_USER_PATHS = NO;
				CLANG_ANALYZER_NONNULL = YES;
				CLANG_ANALYZER_NUMBER_OBJECT_CONVERSION = YES_AGGRESSIVE;
				CLANG_CXX_LANGUAGE_STANDARD = "gnu++20";
				CLANG_ENABLE_MODULES = YES;
				CLANG_ENABLE_OBJC_ARC = YES;
				CLANG_ENABLE_OBJC_WEAK = YES;
				CLANG_WARN_BLOCK_CAPTURE_AUTORELEASING = YES;
				CLANG_WARN_BOOL_CONVERSION = YES;
				CLANG_WARN_COMMA = YES;
				CLANG_WARN_CONSTANT_CONVERSION = YES;
				CLANG_WARN_DEPRECATED_OBJC_IMPLEMENTATIONS = YES;
				CLANG_WARN_DIRECT_OBJC_ISA_USAGE = YES_ERROR;
				CLANG_WARN_DOCUMENTATION_COMMENTS = YES;
				CLANG_WARN_EMPTY_BODY = YES;
				CLANG_WARN_ENUM_CONVERSION = YES;
				CLANG_WARN_INFINITE_RECURSION = YES;
				CLANG_WARN_INT_CONVERSION = YES;
				CLANG_WARN_NON_LITERAL_NULL_CONVERSION = YES;
				CLANG_WARN_OBJC_IMPLICIT_RETAIN_SELF = YES;
				CLANG_WARN_OBJC_LITERAL_CONVERSION = YES;
				CLANG_WARN_OBJC_ROOT_CLASS = YES_ERROR;
				CLANG_WARN_QUOTED_INCLUDE_IN_FRAMEWORK_HEADER = YES;
				CLANG_WARN_RANGE_LOOP_ANALYSIS = YES;
				CLANG_WARN_STRICT_PROTOTYPES = YES;
				CLANG_WARN_SUSPICIOUS_MOVE = YES;
				CLANG_WARN_UNGUARDED_AVAILABILITY = YES_AGGRESSIVE;
				CLANG_WARN_UNREACHABLE_CODE = YES;
				CLANG_WARN__DUPLICATE_METHOD_MATCH = YES;
				COPY_PHASE_STRIP = NO;
				DEBUG_INFORMATION_FORMAT = "dwarf-with-dsym";
				ENABLE_NS_ASSERTIONS = NO;
				ENABLE_STRICT_OBJC_MSGSEND = YES;
				GCC_C_LANGUAGE_STANDARD = gnu11;
				GCC_NO_COMMON_BLOCKS = YES;
				GCC_WARN_64_TO_32_BIT_CONVERSION = YES;
				GCC_WARN_ABOUT_RETURN_TYPE = YES_ERROR;
				GCC_WARN_UNDECLARED_SELECTOR = YES;
				GCC_WARN_UNINITIALIZED_AUTOS = YES_AGGRESSIVE;
				GCC_WARN_UNUSED_FUNCTION = YES;
				GCC_WARN_UNUSED_VARIABLE = YES;
				IPHONEOS_DEPLOYMENT_TARGET = 16.2;
				MTL_ENABLE_DEBUG_INFO = NO;
				MTL_FAST_MATH = YES;
				SDKROOT = iphoneos;
				SWIFT_COMPILATION_MODE = wholemodule;
				SWIFT_OPTIMIZATION_LEVEL = "-O";
				VALIDATE_PRODUCT = YES;
			};
			name = Release;
		};
		ABC218B82AAC0B7600DFBFD7 /* Debug */ = {
			isa = XCBuildConfiguration;
			buildSettings = {
				ASSETCATALOG_COMPILER_APPICON_NAME = AppIcon;
				ASSETCATALOG_COMPILER_GLOBAL_ACCENT_COLOR_NAME = AccentColor;
				CODE_SIGN_STYLE = Automatic;
				CURRENT_PROJECT_VERSION = 1;
				DEVELOPMENT_TEAM = MWZJ3A6CNJ;
				GENERATE_INFOPLIST_FILE = YES;
				INFOPLIST_FILE = PhotosApp/Info.plist;
				INFOPLIST_KEY_UIApplicationSupportsIndirectInputEvents = YES;
				INFOPLIST_KEY_UILaunchStoryboardName = LaunchScreen;
				INFOPLIST_KEY_UIMainStoryboardFile = Main;
				INFOPLIST_KEY_UISupportedInterfaceOrientations_iPad = "UIInterfaceOrientationPortrait UIInterfaceOrientationPortraitUpsideDown UIInterfaceOrientationLandscapeLeft UIInterfaceOrientationLandscapeRight";
				INFOPLIST_KEY_UISupportedInterfaceOrientations_iPhone = "UIInterfaceOrientationPortrait UIInterfaceOrientationLandscapeLeft UIInterfaceOrientationLandscapeRight";
				LD_RUNPATH_SEARCH_PATHS = (
					"$(inherited)",
					"@executable_path/Frameworks",
				);
				MARKETING_VERSION = 1.0;
				PRODUCT_BUNDLE_IDENTIFIER = Bosta.PhotosApp;
				PRODUCT_NAME = "$(TARGET_NAME)";
				SWIFT_EMIT_LOC_STRINGS = YES;
				SWIFT_VERSION = 5.0;
				TARGETED_DEVICE_FAMILY = "1,2";
			};
			name = Debug;
		};
		ABC218B92AAC0B7600DFBFD7 /* Release */ = {
			isa = XCBuildConfiguration;
			buildSettings = {
				ASSETCATALOG_COMPILER_APPICON_NAME = AppIcon;
				ASSETCATALOG_COMPILER_GLOBAL_ACCENT_COLOR_NAME = AccentColor;
				CODE_SIGN_STYLE = Automatic;
				CURRENT_PROJECT_VERSION = 1;
				DEVELOPMENT_TEAM = MWZJ3A6CNJ;
				GENERATE_INFOPLIST_FILE = YES;
				INFOPLIST_FILE = PhotosApp/Info.plist;
				INFOPLIST_KEY_UIApplicationSupportsIndirectInputEvents = YES;
				INFOPLIST_KEY_UILaunchStoryboardName = LaunchScreen;
				INFOPLIST_KEY_UIMainStoryboardFile = Main;
				INFOPLIST_KEY_UISupportedInterfaceOrientations_iPad = "UIInterfaceOrientationPortrait UIInterfaceOrientationPortraitUpsideDown UIInterfaceOrientationLandscapeLeft UIInterfaceOrientationLandscapeRight";
				INFOPLIST_KEY_UISupportedInterfaceOrientations_iPhone = "UIInterfaceOrientationPortrait UIInterfaceOrientationLandscapeLeft UIInterfaceOrientationLandscapeRight";
				LD_RUNPATH_SEARCH_PATHS = (
					"$(inherited)",
					"@executable_path/Frameworks",
				);
				MARKETING_VERSION = 1.0;
				PRODUCT_BUNDLE_IDENTIFIER = Bosta.PhotosApp;
				PRODUCT_NAME = "$(TARGET_NAME)";
				SWIFT_EMIT_LOC_STRINGS = YES;
				SWIFT_VERSION = 5.0;
				TARGETED_DEVICE_FAMILY = "1,2";
			};
			name = Release;
		};
/* End XCBuildConfiguration section */

/* Begin XCConfigurationList section */
		ABC2189E2AAC0B7400DFBFD7 /* Build configuration list for PBXProject "PhotosApp" */ = {
			isa = XCConfigurationList;
			buildConfigurations = (
				ABC218B52AAC0B7600DFBFD7 /* Debug */,
				ABC218B62AAC0B7600DFBFD7 /* Release */,
			);
			defaultConfigurationIsVisible = 0;
			defaultConfigurationName = Release;
		};
		ABC218B72AAC0B7600DFBFD7 /* Build configuration list for PBXNativeTarget "PhotosApp" */ = {
			isa = XCConfigurationList;
			buildConfigurations = (
				ABC218B82AAC0B7600DFBFD7 /* Debug */,
				ABC218B92AAC0B7600DFBFD7 /* Release */,
			);
			defaultConfigurationIsVisible = 0;
			defaultConfigurationName = Release;
		};
/* End XCConfigurationList section */

/* Begin XCRemoteSwiftPackageReference section */
		ABC218C62AAC0D7F00DFBFD7 /* XCRemoteSwiftPackageReference "Moya" */ = {
			isa = XCRemoteSwiftPackageReference;
			repositoryURL = "https://github.com/Moya/Moya.git";
			requirement = {
				branch = master;
				kind = branch;
			};
		};
		ABC218CB2AAC0D9D00DFBFD7 /* XCRemoteSwiftPackageReference "Kingfisher" */ = {
			isa = XCRemoteSwiftPackageReference;
			repositoryURL = "https://github.com/onevcat/Kingfisher.git";
			requirement = {
				branch = master;
				kind = branch;
			};
		};
/* End XCRemoteSwiftPackageReference section */

/* Begin XCSwiftPackageProductDependency section */
		ABC218C72AAC0D7F00DFBFD7 /* Moya */ = {
			isa = XCSwiftPackageProductDependency;
			package = ABC218C62AAC0D7F00DFBFD7 /* XCRemoteSwiftPackageReference "Moya" */;
			productName = Moya;
		};
		ABC218C92AAC0D7F00DFBFD7 /* RxMoya */ = {
			isa = XCSwiftPackageProductDependency;
			package = ABC218C62AAC0D7F00DFBFD7 /* XCRemoteSwiftPackageReference "Moya" */;
			productName = RxMoya;
		};
		ABC218CC2AAC0D9D00DFBFD7 /* Kingfisher */ = {
			isa = XCSwiftPackageProductDependency;
			package = ABC218CB2AAC0D9D00DFBFD7 /* XCRemoteSwiftPackageReference "Kingfisher" */;
			productName = Kingfisher;
		};
/* End XCSwiftPackageProductDependency section */
	};
	rootObject = ABC2189B2AAC0B7400DFBFD7 /* Project object */;
}
